
Microsoft Visual Studio Solution File, Format Version 12.00
# Visual Studio 15
VisualStudioVersion = 15.0.28307.902
MinimumVisualStudioVersion = 10.0.40219.1
Project("{9A19103F-16F7-4668-BE54-9A1E7A4F7556}") = "ChatAppServer", "ChatAppServer\ChatAppServer.csproj", "{58CBB219-1B5E-4BCD-83BE-A574394DDE22}"
EndProject
Project("{9A19103F-16F7-4668-BE54-9A1E7A4F7556}") = "Communication", "Communication\Communication.csproj", "{378CF7D7-39F4-46F3-B647-6A843C12A226}"
EndProject
Project("{FAE04EC0-301F-11D3-BF4B-00C04F79EFBC}") = "GUI Client", "GUI Client\GUI Client.csproj", "{0180D396-D948-4A2E-B635-CF21C18A6871}"
EndProject
Global
	GlobalSection(SolutionConfigurationPlatforms) = preSolution
		Debug|Any CPU = Debug|Any CPU
		Release|Any CPU = Release|Any CPU
	EndGlobalSection
	GlobalSection(ProjectConfigurationPlatforms) = postSolution
		{58CBB219-1B5E-4BCD-83BE-A574394DDE22}.Debug|Any CPU.ActiveCfg = Debug|Any CPU
		{58CBB219-1B5E-4BCD-83BE-A574394DDE22}.Debug|Any CPU.Build.0 = Debug|Any CPU
		{58CBB219-1B5E-4BCD-83BE-A574394DDE22}.Release|Any CPU.ActiveCfg = Release|Any CPU
		{58CBB219-1B5E-4BCD-83BE-A574394DDE22}.Release|Any CPU.Build.0 = Release|Any CPU
		{378CF7D7-39F4-46F3-B647-6A843C12A226}.Debug|Any CPU.ActiveCfg = Debug|Any CPU
		{378CF7D7-39F4-46F3-B647-6A843C12A226}.Debug|Any CPU.Build.0 = Debug|Any CPU
		{378CF7D7-39F4-46F3-B647-6A843C12A226}.Release|Any CPU.ActiveCfg = Release|Any CPU
		{378CF7D7-39F4-46F3-B647-6A843C12A226}.Release|Any CPU.Build.0 = Release|Any CPU
		{0180D396-D948-4A2E-B635-CF21C18A6871}.Debug|Any CPU.ActiveCfg = Debug|Any CPU
		{0180D396-D948-4A2E-B635-CF21C18A6871}.Debug|Any CPU.Build.0 = Debug|Any CPU
		{0180D396-D948-4A2E-B635-CF21C18A6871}.Release|Any CPU.ActiveCfg = Release|Any CPU
		{0180D396-D948-4A2E-B635-CF21C18A6871}.Release|Any CPU.Build.0 = Release|Any CPU
	EndGlobalSection
	GlobalSection(SolutionProperties) = preSolution
		HideSolutionNode = FALSE
	EndGlobalSection
	GlobalSection(ExtensibilityGlobals) = postSolution
		SolutionGuid = {7BD15E85-D18B-4691-A92E-68AA08AE520D}
	EndGlobalSection
EndGlobal
