
Microsoft Visual Studio Solution File, Format Version 12.00
Project("{FAE04EC0-301F-11D3-BF4B-00C04F79EFBC}") = "Communication", "Communication.csproj", "{C7084E41-246C-4526-BC9A-40F011F4EF5B}"
EndProject
Global
	GlobalSection(SolutionConfigurationPlatforms) = preSolution
		Debug|Any CPU = Debug|Any CPU
		Release|Any CPU = Release|Any CPU
	EndGlobalSection
	GlobalSection(ProjectConfigurationPlatforms) = postSolution
		{C7084E41-246C-4526-BC9A-40F011F4EF5B}.Debug|Any CPU.ActiveCfg = Debug|Any CPU
		{C7084E41-246C-4526-BC9A-40F011F4EF5B}.Debug|Any CPU.Build.0 = Debug|Any CPU
		{C7084E41-246C-4526-BC9A-40F011F4EF5B}.Release|Any CPU.ActiveCfg = Release|Any CPU
		{C7084E41-246C-4526-BC9A-40F011F4EF5B}.Release|Any CPU.Build.0 = Release|Any CPU
	EndGlobalSection
EndGlobal
